
Microsoft Visual Studio Solution File, Format Version 12.00
# Visual Studio Version 16
VisualStudioVersion = 16.0.32106.194
MinimumVisualStudioVersion = 10.0.40219.1
Project("{FAE04EC0-301F-11D3-BF4B-00C04F79EFBC}") = "structConversion", "structConversion.csproj", "{DDDBBD5D-A2DC-4CA8-8907-2646E5CA0322}"
EndProject
Global
	GlobalSection(SolutionConfigurationPlatforms) = preSolution
		Debug|Any CPU = Debug|Any CPU
		Release|Any CPU = Release|Any CPU
	EndGlobalSection
	GlobalSection(ProjectConfigurationPlatforms) = postSolution
		{DDDBBD5D-A2DC-4CA8-8907-2646E5CA0322}.Debug|Any CPU.ActiveCfg = Debug|Any CPU
		{DDDBBD5D-A2DC-4CA8-8907-2646E5CA0322}.Debug|Any CPU.Build.0 = Debug|Any CPU
		{DDDBBD5D-A2DC-4CA8-8907-2646E5CA0322}.Release|Any CPU.ActiveCfg = Release|Any CPU
		{DDDBBD5D-A2DC-4CA8-8907-2646E5CA0322}.Release|Any CPU.Build.0 = Release|Any CPU
	EndGlobalSection
	GlobalSection(SolutionProperties) = preSolution
		HideSolutionNode = FALSE
	EndGlobalSection
	GlobalSection(ExtensibilityGlobals) = postSolution
		SolutionGuid = {5FB4C4C7-48A2-4D0A-AA5F-E80CFF8B9BE0}
	EndGlobalSection
EndGlobal
