
Microsoft Visual Studio Solution File, Format Version 12.00
# Visual Studio Version 16
VisualStudioVersion = 16.0.32106.194
MinimumVisualStudioVersion = 10.0.40219.1
Project("{FAE04EC0-301F-11D3-BF4B-00C04F79EFBC}") = "ThreeQuestionsExe", "ThreeQuestionsExe.csproj", "{C5F3D205-E2A8-4351-8191-5071375CC25E}"
EndProject
Global
	GlobalSection(SolutionConfigurationPlatforms) = preSolution
		Debug|Any CPU = Debug|Any CPU
		Release|Any CPU = Release|Any CPU
	EndGlobalSection
	GlobalSection(ProjectConfigurationPlatforms) = postSolution
		{C5F3D205-E2A8-4351-8191-5071375CC25E}.Debug|Any CPU.ActiveCfg = Debug|Any CPU
		{C5F3D205-E2A8-4351-8191-5071375CC25E}.Debug|Any CPU.Build.0 = Debug|Any CPU
		{C5F3D205-E2A8-4351-8191-5071375CC25E}.Release|Any CPU.ActiveCfg = Release|Any CPU
		{C5F3D205-E2A8-4351-8191-5071375CC25E}.Release|Any CPU.Build.0 = Release|Any CPU
	EndGlobalSection
	GlobalSection(SolutionProperties) = preSolution
		HideSolutionNode = FALSE
	EndGlobalSection
	GlobalSection(ExtensibilityGlobals) = postSolution
		SolutionGuid = {D2D1C493-8542-45B6-8F2B-729ABA9D081A}
	EndGlobalSection
EndGlobal
