
Microsoft Visual Studio Solution File, Format Version 12.00
# Visual Studio Version 16
VisualStudioVersion = 16.0.32106.194
MinimumVisualStudioVersion = 10.0.40219.1
Project("{FAE04EC0-301F-11D3-BF4B-00C04F79EFBC}") = "ReverseOrder", "ReverseOrder.csproj", "{5A013699-2309-4C0A-B12D-F75592EDA218}"
EndProject
Global
	GlobalSection(SolutionConfigurationPlatforms) = preSolution
		Debug|Any CPU = Debug|Any CPU
		Release|Any CPU = Release|Any CPU
	EndGlobalSection
	GlobalSection(ProjectConfigurationPlatforms) = postSolution
		{5A013699-2309-4C0A-B12D-F75592EDA218}.Debug|Any CPU.ActiveCfg = Debug|Any CPU
		{5A013699-2309-4C0A-B12D-F75592EDA218}.Debug|Any CPU.Build.0 = Debug|Any CPU
		{5A013699-2309-4C0A-B12D-F75592EDA218}.Release|Any CPU.ActiveCfg = Release|Any CPU
		{5A013699-2309-4C0A-B12D-F75592EDA218}.Release|Any CPU.Build.0 = Release|Any CPU
	EndGlobalSection
	GlobalSection(SolutionProperties) = preSolution
		HideSolutionNode = FALSE
	EndGlobalSection
	GlobalSection(ExtensibilityGlobals) = postSolution
		SolutionGuid = {0B05B04C-87D0-457A-97EC-B09B37665E3A}
	EndGlobalSection
EndGlobal
